{
  "name": "blackbaud-skyux2",
  "version": "2.0.0-alpha.1",
  "dependencies": {
    "@angular/common": {
      "version": "2.0.0-rc.1",
      "from": "@angular/common@2.0.0-rc.1",
      "resolved": "https://registry.npmjs.org/@angular/common/-/common-2.0.0-rc.1.tgz"
    },
    "@angular/compiler": {
      "version": "2.0.0-rc.1",
      "from": "@angular/compiler@2.0.0-rc.1",
      "resolved": "https://registry.npmjs.org/@angular/compiler/-/compiler-2.0.0-rc.1.tgz"
    },
    "@angular/core": {
      "version": "2.0.0-rc.1",
      "from": "@angular/core@2.0.0-rc.1",
      "resolved": "https://registry.npmjs.org/@angular/core/-/core-2.0.0-rc.1.tgz"
    },
    "@angular/platform-browser": {
      "version": "2.0.0-rc.1",
      "from": "@angular/platform-browser@2.0.0-rc.1",
      "resolved": "https://registry.npmjs.org/@angular/platform-browser/-/platform-browser-2.0.0-rc.1.tgz"
    },
    "@angular/platform-browser-dynamic": {
      "version": "2.0.0-rc.1",
      "from": "@angular/platform-browser-dynamic@2.0.0-rc.1",
      "resolved": "https://registry.npmjs.org/@angular/platform-browser-dynamic/-/platform-browser-dynamic-2.0.0-rc.1.tgz"
    },
    "core-js": {
      "version": "2.4.0",
      "from": "core-js@2.4.0",
      "resolved": "https://registry.npmjs.org/core-js/-/core-js-2.4.0.tgz"
    },
    "dragula": {
      "version": "3.7.0",
      "from": "dragula@latest",
      "resolved": "https://registry.npmjs.org/dragula/-/dragula-3.7.0.tgz",
      "dependencies": {
        "contra": {
          "version": "1.9.1",
          "from": "contra@1.9.1",
          "resolved": "https://registry.npmjs.org/contra/-/contra-1.9.1.tgz",
          "dependencies": {
            "atoa": {
              "version": "1.0.0",
              "from": "atoa@1.0.0",
              "resolved": "https://registry.npmjs.org/atoa/-/atoa-1.0.0.tgz"
            },
            "ticky": {
              "version": "1.0.0",
              "from": "ticky@1.0.0",
              "resolved": "https://registry.npmjs.org/ticky/-/ticky-1.0.0.tgz"
            }
          }
        },
        "crossvent": {
          "version": "1.5.4",
          "from": "crossvent@1.5.4",
          "resolved": "https://registry.npmjs.org/crossvent/-/crossvent-1.5.4.tgz",
          "dependencies": {
            "custom-event": {
              "version": "1.0.0",
              "from": "custom-event@1.0.0",
              "resolved": "https://registry.npmjs.org/custom-event/-/custom-event-1.0.0.tgz"
            }
          }
        }
      }
    },
    "font-awesome": {
      "version": "4.6.1",
      "from": "font-awesome@4.6.1",
      "resolved": "https://registry.npmjs.org/font-awesome/-/font-awesome-4.6.1.tgz"
    },
    "jasmine-core": {
      "version": "2.4.1",
      "from": "jasmine-core@*",
      "resolved": "https://registry.npmjs.org/jasmine-core/-/jasmine-core-2.4.1.tgz"
    },
    "ng2-dragula": {
      "version": "1.1.9",
      "from": "ng2-dragula@latest",
      "resolved": "https://registry.npmjs.org/ng2-dragula/-/ng2-dragula-1.1.9.tgz"
    },
    "ng2-toastr": {
      "version": "0.2.0",
      "from": "ng2-toastr@0.2.0",
      "resolved": "https://registry.npmjs.org/ng2-toastr/-/ng2-toastr-0.2.0.tgz"
    },
    "rxjs": {
      "version": "5.0.0-beta.6",
      "from": "rxjs@5.0.0-beta.6",
      "resolved": "https://registry.npmjs.org/rxjs/-/rxjs-5.0.0-beta.6.tgz"
    },
    "zone.js": {
      "version": "0.6.12",
      "from": "zone.js@0.6.12",
      "resolved": "https://registry.npmjs.org/zone.js/-/zone.js-0.6.12.tgz"
    }
  }
}
